// !$*UTF8*$!
{
	archiveVersion = 1;
	classes = {
	};
	objectVersion = 56;
	objects = {

/* Begin PBXBuildFile section */
		2F187C732B3A52360043656F /* BlogApp.swift in Sources */ = {isa = PBXBuildFile; fileRef = 2F187C722B3A52360043656F /* BlogApp.swift */; };
		2F187C752B3A52360043656F /* ContentView.swift in Sources */ = {isa = PBXBuildFile; fileRef = 2F187C742B3A52360043656F /* ContentView.swift */; };
		2F187C792B3A52390043656F /* Assets.xcassets in Resources */ = {isa = PBXBuildFile; fileRef = 2F187C782B3A52390043656F /* Assets.xcassets */; };
		2F187C7C2B3A52390043656F /* Preview Assets.xcassets in Resources */ = {isa = PBXBuildFile; fileRef = 2F187C7B2B3A52390043656F /* Preview Assets.xcassets */; };
		2F2B94042B4AEE0000031EEF /* PermissionLevel.swift in Sources */ = {isa = PBXBuildFile; fileRef = 2F2B94032B4AEE0000031EEF /* PermissionLevel.swift */; };
		2F2B94062B4AF9D700031EEF /* UserProfileHeaderView.swift in Sources */ = {isa = PBXBuildFile; fileRef = 2F2B94052B4AF9D700031EEF /* UserProfileHeaderView.swift */; };
		2F2B94082B4B00DF00031EEF /* NotLoggedInView.swift in Sources */ = {isa = PBXBuildFile; fileRef = 2F2B94072B4B00DF00031EEF /* NotLoggedInView.swift */; };
		2F2B940A2B4B117400031EEF /* CreateCommentView.swift in Sources */ = {isa = PBXBuildFile; fileRef = 2F2B94092B4B117400031EEF /* CreateCommentView.swift */; };
		2F4188E82B431A6200363C9E /* DisplayPostPage.swift in Sources */ = {isa = PBXBuildFile; fileRef = 2F4188E72B431A6200363C9E /* DisplayPostPage.swift */; };
		2F4188EA2B431EB000363C9E /* PostComment.swift in Sources */ = {isa = PBXBuildFile; fileRef = 2F4188E92B431EB000363C9E /* PostComment.swift */; };
		2F4188EC2B43206500363C9E /* PostManager.swift in Sources */ = {isa = PBXBuildFile; fileRef = 2F4188EB2B43206500363C9E /* PostManager.swift */; };
		2F4188EE2B436E1400363C9E /* DisplayUserProfilePage.swift in Sources */ = {isa = PBXBuildFile; fileRef = 2F4188ED2B436E1400363C9E /* DisplayUserProfilePage.swift */; };
		2F4188F02B43A6AD00363C9E /* FollowerCountView.swift in Sources */ = {isa = PBXBuildFile; fileRef = 2F4188EF2B43A6AD00363C9E /* FollowerCountView.swift */; };
		2F4188F22B450B6500363C9E /* DisplayUserAsAdminPage.swift in Sources */ = {isa = PBXBuildFile; fileRef = 2F4188F12B450B6500363C9E /* DisplayUserAsAdminPage.swift */; };
		2F53CC762B41175D00802403 /* UserAccount.swift in Sources */ = {isa = PBXBuildFile; fileRef = 2F53CC752B41175D00802403 /* UserAccount.swift */; };
		2F53CC782B4118AE00802403 /* AccountRegistrationView.swift in Sources */ = {isa = PBXBuildFile; fileRef = 2F53CC772B4118AE00802403 /* AccountRegistrationView.swift */; };
		2F53CC7A2B411BA900802403 /* RecentPostsFeedPage.swift in Sources */ = {isa = PBXBuildFile; fileRef = 2F53CC792B411BA900802403 /* RecentPostsFeedPage.swift */; };
		2F53CC7C2B41A04E00802403 /* AccountLoginView.swift in Sources */ = {isa = PBXBuildFile; fileRef = 2F53CC7B2B41A04E00802403 /* AccountLoginView.swift */; };
		2F53CC7F2B41A33A00802403 /* String.swift in Sources */ = {isa = PBXBuildFile; fileRef = 2F53CC7E2B41A33A00802403 /* String.swift */; };
		2F53CC812B41B72700802403 /* AccountManagementPage.swift in Sources */ = {isa = PBXBuildFile; fileRef = 2F53CC802B41B72700802403 /* AccountManagementPage.swift */; };
		2F53CC832B41B90700802403 /* UserAccountManager.swift in Sources */ = {isa = PBXBuildFile; fileRef = 2F53CC822B41B90700802403 /* UserAccountManager.swift */; };
		2F53CC852B41DC3300802403 /* Post.swift in Sources */ = {isa = PBXBuildFile; fileRef = 2F53CC842B41DC3300802403 /* Post.swift */; };
		2F53CC872B41ECEA00802403 /* CreatePostView.swift in Sources */ = {isa = PBXBuildFile; fileRef = 2F53CC862B41ECEA00802403 /* CreatePostView.swift */; };
		2F6D15EB2B42596100D72DEB /* SettingsPage.swift in Sources */ = {isa = PBXBuildFile; fileRef = 2F6D15EA2B42596100D72DEB /* SettingsPage.swift */; };
		2F81035B2B4B23F700AF0D45 /* UserAtTimeView.swift in Sources */ = {isa = PBXBuildFile; fileRef = 2F81035A2B4B23F700AF0D45 /* UserAtTimeView.swift */; };
		2F8FD11A2B4B861C00552385 /* PostPreviewView.swift in Sources */ = {isa = PBXBuildFile; fileRef = 2F8FD1192B4B861C00552385 /* PostPreviewView.swift */; };
		2FE2E1872B4632CF00913A81 /* LoremSwiftum in Frameworks */ = {isa = PBXBuildFile; productRef = 2FE2E1862B4632CF00913A81 /* LoremSwiftum */; };
/* End PBXBuildFile section */

/* Begin PBXFileReference section */
		2F187C6F2B3A52360043656F /* Blog.app */ = {isa = PBXFileReference; explicitFileType = wrapper.application; includeInIndex = 0; path = Blog.app; sourceTree = BUILT_PRODUCTS_DIR; };
		2F187C722B3A52360043656F /* BlogApp.swift */ = {isa = PBXFileReference; lastKnownFileType = sourcecode.swift; path = BlogApp.swift; sourceTree = "<group>"; };
		2F187C742B3A52360043656F /* ContentView.swift */ = {isa = PBXFileReference; lastKnownFileType = sourcecode.swift; path = ContentView.swift; sourceTree = "<group>"; };
		2F187C782B3A52390043656F /* Assets.xcassets */ = {isa = PBXFileReference; lastKnownFileType = folder.assetcatalog; path = Assets.xcassets; sourceTree = "<group>"; };
		2F187C7B2B3A52390043656F /* Preview Assets.xcassets */ = {isa = PBXFileReference; lastKnownFileType = folder.assetcatalog; path = "Preview Assets.xcassets"; sourceTree = "<group>"; };
		2F2B94032B4AEE0000031EEF /* PermissionLevel.swift */ = {isa = PBXFileReference; lastKnownFileType = sourcecode.swift; path = PermissionLevel.swift; sourceTree = "<group>"; };
		2F2B94052B4AF9D700031EEF /* UserProfileHeaderView.swift */ = {isa = PBXFileReference; lastKnownFileType = sourcecode.swift; path = UserProfileHeaderView.swift; sourceTree = "<group>"; };
		2F2B94072B4B00DF00031EEF /* NotLoggedInView.swift */ = {isa = PBXFileReference; lastKnownFileType = sourcecode.swift; path = NotLoggedInView.swift; sourceTree = "<group>"; };
		2F2B94092B4B117400031EEF /* CreateCommentView.swift */ = {isa = PBXFileReference; lastKnownFileType = sourcecode.swift; path = CreateCommentView.swift; sourceTree = "<group>"; };
		2F4188E72B431A6200363C9E /* DisplayPostPage.swift */ = {isa = PBXFileReference; lastKnownFileType = sourcecode.swift; path = DisplayPostPage.swift; sourceTree = "<group>"; };
		2F4188E92B431EB000363C9E /* PostComment.swift */ = {isa = PBXFileReference; lastKnownFileType = sourcecode.swift; path = PostComment.swift; sourceTree = "<group>"; };
		2F4188EB2B43206500363C9E /* PostManager.swift */ = {isa = PBXFileReference; lastKnownFileType = sourcecode.swift; path = PostManager.swift; sourceTree = "<group>"; };
		2F4188ED2B436E1400363C9E /* DisplayUserProfilePage.swift */ = {isa = PBXFileReference; lastKnownFileType = sourcecode.swift; path = DisplayUserProfilePage.swift; sourceTree = "<group>"; };
		2F4188EF2B43A6AD00363C9E /* FollowerCountView.swift */ = {isa = PBXFileReference; lastKnownFileType = sourcecode.swift; path = FollowerCountView.swift; sourceTree = "<group>"; };
		2F4188F12B450B6500363C9E /* DisplayUserAsAdminPage.swift */ = {isa = PBXFileReference; lastKnownFileType = sourcecode.swift; path = DisplayUserAsAdminPage.swift; sourceTree = "<group>"; };
		2F53CC752B41175D00802403 /* UserAccount.swift */ = {isa = PBXFileReference; lastKnownFileType = sourcecode.swift; path = UserAccount.swift; sourceTree = "<group>"; };
		2F53CC772B4118AE00802403 /* AccountRegistrationView.swift */ = {isa = PBXFileReference; lastKnownFileType = sourcecode.swift; path = AccountRegistrationView.swift; sourceTree = "<group>"; };
		2F53CC792B411BA900802403 /* RecentPostsFeedPage.swift */ = {isa = PBXFileReference; lastKnownFileType = sourcecode.swift; path = RecentPostsFeedPage.swift; sourceTree = "<group>"; };
		2F53CC7B2B41A04E00802403 /* AccountLoginView.swift */ = {isa = PBXFileReference; lastKnownFileType = sourcecode.swift; path = AccountLoginView.swift; sourceTree = "<group>"; };
		2F53CC7E2B41A33A00802403 /* String.swift */ = {isa = PBXFileReference; lastKnownFileType = sourcecode.swift; path = String.swift; sourceTree = "<group>"; };
		2F53CC802B41B72700802403 /* AccountManagementPage.swift */ = {isa = PBXFileReference; lastKnownFileType = sourcecode.swift; path = AccountManagementPage.swift; sourceTree = "<group>"; };
		2F53CC822B41B90700802403 /* UserAccountManager.swift */ = {isa = PBXFileReference; lastKnownFileType = sourcecode.swift; path = UserAccountManager.swift; sourceTree = "<group>"; };
		2F53CC842B41DC3300802403 /* Post.swift */ = {isa = PBXFileReference; lastKnownFileType = sourcecode.swift; path = Post.swift; sourceTree = "<group>"; };
		2F53CC862B41ECEA00802403 /* CreatePostView.swift */ = {isa = PBXFileReference; lastKnownFileType = sourcecode.swift; path = CreatePostView.swift; sourceTree = "<group>"; };
		2F6D15EA2B42596100D72DEB /* SettingsPage.swift */ = {isa = PBXFileReference; lastKnownFileType = sourcecode.swift; path = SettingsPage.swift; sourceTree = "<group>"; };
		2F81035A2B4B23F700AF0D45 /* UserAtTimeView.swift */ = {isa = PBXFileReference; lastKnownFileType = sourcecode.swift; path = UserAtTimeView.swift; sourceTree = "<group>"; };
		2F8FD1192B4B861C00552385 /* PostPreviewView.swift */ = {isa = PBXFileReference; lastKnownFileType = sourcecode.swift; path = PostPreviewView.swift; sourceTree = "<group>"; };
/* End PBXFileReference section */

/* Begin PBXFrameworksBuildPhase section */
		2F187C6C2B3A52360043656F /* Frameworks */ = {
			isa = PBXFrameworksBuildPhase;
			buildActionMask = 2147483647;
			files = (
				2FE2E1872B4632CF00913A81 /* LoremSwiftum in Frameworks */,
			);
			runOnlyForDeploymentPostprocessing = 0;
		};
/* End PBXFrameworksBuildPhase section */

/* Begin PBXGroup section */
		2F187C662B3A52360043656F = {
			isa = PBXGroup;
			children = (
				2F187C712B3A52360043656F /* Blog */,
				2F187C702B3A52360043656F /* Products */,
			);
			sourceTree = "<group>";
		};
		2F187C702B3A52360043656F /* Products */ = {
			isa = PBXGroup;
			children = (
				2F187C6F2B3A52360043656F /* Blog.app */,
			);
			name = Products;
			sourceTree = "<group>";
		};
		2F187C712B3A52360043656F /* Blog */ = {
			isa = PBXGroup;
			children = (
				2F53CC7D2B41A33100802403 /* Extension */,
				2F53CC722B41171200802403 /* Model */,
				2F53CC732B41171800802403 /* Page */,
				2F2B94022B4AEDC600031EEF /* Type */,
				2F53CC742B41171F00802403 /* View */,
				2F187C722B3A52360043656F /* BlogApp.swift */,
				2F187C742B3A52360043656F /* ContentView.swift */,
				2F4188EB2B43206500363C9E /* PostManager.swift */,
				2F53CC822B41B90700802403 /* UserAccountManager.swift */,
				2F187C782B3A52390043656F /* Assets.xcassets */,
				2F187C7A2B3A52390043656F /* Preview Content */,
			);
			path = Blog;
			sourceTree = "<group>";
		};
		2F187C7A2B3A52390043656F /* Preview Content */ = {
			isa = PBXGroup;
			children = (
				2F187C7B2B3A52390043656F /* Preview Assets.xcassets */,
			);
			path = "Preview Content";
			sourceTree = "<group>";
		};
		2F2B94022B4AEDC600031EEF /* Type */ = {
			isa = PBXGroup;
			children = (
				2F2B94032B4AEE0000031EEF /* PermissionLevel.swift */,
			);
			path = Type;
			sourceTree = "<group>";
		};
		2F53CC722B41171200802403 /* Model */ = {
			isa = PBXGroup;
			children = (
				2F53CC752B41175D00802403 /* UserAccount.swift */,
				2F4188E92B431EB000363C9E /* PostComment.swift */,
				2F53CC842B41DC3300802403 /* Post.swift */,
			);
			path = Model;
			sourceTree = "<group>";
		};
		2F53CC732B41171800802403 /* Page */ = {
			isa = PBXGroup;
			children = (
				2F53CC802B41B72700802403 /* AccountManagementPage.swift */,
				2F4188E72B431A6200363C9E /* DisplayPostPage.swift */,
				2F4188F12B450B6500363C9E /* DisplayUserAsAdminPage.swift */,
				2F4188ED2B436E1400363C9E /* DisplayUserProfilePage.swift */,
				2F53CC792B411BA900802403 /* RecentPostsFeedPage.swift */,
				2F6D15EA2B42596100D72DEB /* SettingsPage.swift */,
			);
			path = Page;
			sourceTree = "<group>";
		};
		2F53CC742B41171F00802403 /* View */ = {
			isa = PBXGroup;
			children = (
				2F53CC7B2B41A04E00802403 /* AccountLoginView.swift */,
				2F53CC772B4118AE00802403 /* AccountRegistrationView.swift */,
				2F2B94092B4B117400031EEF /* CreateCommentView.swift */,
				2F53CC862B41ECEA00802403 /* CreatePostView.swift */,
				2F4188EF2B43A6AD00363C9E /* FollowerCountView.swift */,
				2F2B94072B4B00DF00031EEF /* NotLoggedInView.swift */,
				2F2B94052B4AF9D700031EEF /* UserProfileHeaderView.swift */,
				2F81035A2B4B23F700AF0D45 /* UserAtTimeView.swift */,
				2F8FD1192B4B861C00552385 /* PostPreviewView.swift */,
			);
			path = View;
			sourceTree = "<group>";
		};
		2F53CC7D2B41A33100802403 /* Extension */ = {
			isa = PBXGroup;
			children = (
				2F53CC7E2B41A33A00802403 /* String.swift */,
			);
			path = Extension;
			sourceTree = "<group>";
		};
/* End PBXGroup section */

/* Begin PBXNativeTarget section */
		2F187C6E2B3A52360043656F /* Blog */ = {
			isa = PBXNativeTarget;
			buildConfigurationList = 2F187C7F2B3A52390043656F /* Build configuration list for PBXNativeTarget "Blog" */;
			buildPhases = (
				2F187C6B2B3A52360043656F /* Sources */,
				2F187C6C2B3A52360043656F /* Frameworks */,
				2F187C6D2B3A52360043656F /* Resources */,
			);
			buildRules = (
			);
			dependencies = (
			);
			name = Blog;
			packageProductDependencies = (
				2FE2E1862B4632CF00913A81 /* LoremSwiftum */,
			);
			productName = Blog;
			productReference = 2F187C6F2B3A52360043656F /* Blog.app */;
			productType = "com.apple.product-type.application";
		};
/* End PBXNativeTarget section */

/* Begin PBXProject section */
		2F187C672B3A52360043656F /* Project object */ = {
			isa = PBXProject;
			attributes = {
				BuildIndependentTargetsInParallel = 1;
				LastSwiftUpdateCheck = 1510;
				LastUpgradeCheck = 1510;
				TargetAttributes = {
					2F187C6E2B3A52360043656F = {
						CreatedOnToolsVersion = 15.1;
					};
				};
			};
			buildConfigurationList = 2F187C6A2B3A52360043656F /* Build configuration list for PBXProject "Blog" */;
			compatibilityVersion = "Xcode 14.0";
			developmentRegion = en;
			hasScannedForEncodings = 0;
			knownRegions = (
				en,
				Base,
			);
			mainGroup = 2F187C662B3A52360043656F;
			packageReferences = (
				2FE2E1852B4632CF00913A81 /* XCRemoteSwiftPackageReference "LoremSwiftum" */,
			);
			productRefGroup = 2F187C702B3A52360043656F /* Products */;
			projectDirPath = "";
			projectRoot = "";
			targets = (
				2F187C6E2B3A52360043656F /* Blog */,
			);
		};
/* End PBXProject section */

/* Begin PBXResourcesBuildPhase section */
		2F187C6D2B3A52360043656F /* Resources */ = {
			isa = PBXResourcesBuildPhase;
			buildActionMask = 2147483647;
			files = (
				2F187C7C2B3A52390043656F /* Preview Assets.xcassets in Resources */,
				2F187C792B3A52390043656F /* Assets.xcassets in Resources */,
			);
			runOnlyForDeploymentPostprocessing = 0;
		};
/* End PBXResourcesBuildPhase section */

/* Begin PBXSourcesBuildPhase section */
		2F187C6B2B3A52360043656F /* Sources */ = {
			isa = PBXSourcesBuildPhase;
			buildActionMask = 2147483647;
			files = (
				2F2B94082B4B00DF00031EEF /* NotLoggedInView.swift in Sources */,
				2F2B940A2B4B117400031EEF /* CreateCommentView.swift in Sources */,
				2F53CC7A2B411BA900802403 /* RecentPostsFeedPage.swift in Sources */,
				2F8FD11A2B4B861C00552385 /* PostPreviewView.swift in Sources */,
				2F53CC7C2B41A04E00802403 /* AccountLoginView.swift in Sources */,
				2F53CC832B41B90700802403 /* UserAccountManager.swift in Sources */,
				2F4188EC2B43206500363C9E /* PostManager.swift in Sources */,
				2F4188EA2B431EB000363C9E /* PostComment.swift in Sources */,
				2F4188F02B43A6AD00363C9E /* FollowerCountView.swift in Sources */,
				2F2B94062B4AF9D700031EEF /* UserProfileHeaderView.swift in Sources */,
				2F2B94042B4AEE0000031EEF /* PermissionLevel.swift in Sources */,
				2F6D15EB2B42596100D72DEB /* SettingsPage.swift in Sources */,
				2F53CC872B41ECEA00802403 /* CreatePostView.swift in Sources */,
				2F81035B2B4B23F700AF0D45 /* UserAtTimeView.swift in Sources */,
				2F4188E82B431A6200363C9E /* DisplayPostPage.swift in Sources */,
				2F53CC762B41175D00802403 /* UserAccount.swift in Sources */,
				2F187C752B3A52360043656F /* ContentView.swift in Sources */,
				2F4188F22B450B6500363C9E /* DisplayUserAsAdminPage.swift in Sources */,
				2F53CC852B41DC3300802403 /* Post.swift in Sources */,
				2F4188EE2B436E1400363C9E /* DisplayUserProfilePage.swift in Sources */,
				2F53CC7F2B41A33A00802403 /* String.swift in Sources */,
				2F53CC812B41B72700802403 /* AccountManagementPage.swift in Sources */,
				2F53CC782B4118AE00802403 /* AccountRegistrationView.swift in Sources */,
				2F187C732B3A52360043656F /* BlogApp.swift in Sources */,
			);
			runOnlyForDeploymentPostprocessing = 0;
		};
/* End PBXSourcesBuildPhase section */

/* Begin XCBuildConfiguration section */
		2F187C7D2B3A52390043656F /* Debug */ = {
			isa = XCBuildConfiguration;
			buildSettings = {
				ALWAYS_SEARCH_USER_PATHS = NO;
				ASSETCATALOG_COMPILER_GENERATE_SWIFT_ASSET_SYMBOL_EXTENSIONS = YES;
				CLANG_ANALYZER_NONNULL = YES;
				CLANG_ANALYZER_NUMBER_OBJECT_CONVERSION = YES_AGGRESSIVE;
				CLANG_CXX_LANGUAGE_STANDARD = "gnu++20";
				CLANG_ENABLE_MODULES = YES;
				CLANG_ENABLE_OBJC_ARC = YES;
				CLANG_ENABLE_OBJC_WEAK = YES;
				CLANG_WARN_BLOCK_CAPTURE_AUTORELEASING = YES;
				CLANG_WARN_BOOL_CONVERSION = YES;
				CLANG_WARN_COMMA = YES;
				CLANG_WARN_CONSTANT_CONVERSION = YES;
				CLANG_WARN_DEPRECATED_OBJC_IMPLEMENTATIONS = YES;
				CLANG_WARN_DIRECT_OBJC_ISA_USAGE = YES_ERROR;
				CLANG_WARN_DOCUMENTATION_COMMENTS = YES;
				CLANG_WARN_EMPTY_BODY = YES;
				CLANG_WARN_ENUM_CONVERSION = YES;
				CLANG_WARN_INFINITE_RECURSION = YES;
				CLANG_WARN_INT_CONVERSION = YES;
				CLANG_WARN_NON_LITERAL_NULL_CONVERSION = YES;
				CLANG_WARN_OBJC_IMPLICIT_RETAIN_SELF = YES;
				CLANG_WARN_OBJC_LITERAL_CONVERSION = YES;
				CLANG_WARN_OBJC_ROOT_CLASS = YES_ERROR;
				CLANG_WARN_QUOTED_INCLUDE_IN_FRAMEWORK_HEADER = YES;
				CLANG_WARN_RANGE_LOOP_ANALYSIS = YES;
				CLANG_WARN_STRICT_PROTOTYPES = YES;
				CLANG_WARN_SUSPICIOUS_MOVE = YES;
				CLANG_WARN_UNGUARDED_AVAILABILITY = YES_AGGRESSIVE;
				CLANG_WARN_UNREACHABLE_CODE = YES;
				CLANG_WARN__DUPLICATE_METHOD_MATCH = YES;
				COPY_PHASE_STRIP = NO;
				DEBUG_INFORMATION_FORMAT = dwarf;
				ENABLE_STRICT_OBJC_MSGSEND = YES;
				ENABLE_TESTABILITY = YES;
				ENABLE_USER_SCRIPT_SANDBOXING = YES;
				GCC_C_LANGUAGE_STANDARD = gnu17;
				GCC_DYNAMIC_NO_PIC = NO;
				GCC_NO_COMMON_BLOCKS = YES;
				GCC_OPTIMIZATION_LEVEL = 0;
				GCC_PREPROCESSOR_DEFINITIONS = (
					"DEBUG=1",
					"$(inherited)",
				);
				GCC_WARN_64_TO_32_BIT_CONVERSION = YES;
				GCC_WARN_ABOUT_RETURN_TYPE = YES_ERROR;
				GCC_WARN_UNDECLARED_SELECTOR = YES;
				GCC_WARN_UNINITIALIZED_AUTOS = YES_AGGRESSIVE;
				GCC_WARN_UNUSED_FUNCTION = YES;
				GCC_WARN_UNUSED_VARIABLE = YES;
				IPHONEOS_DEPLOYMENT_TARGET = 17.2;
				LOCALIZATION_PREFERS_STRING_CATALOGS = YES;
				MTL_ENABLE_DEBUG_INFO = INCLUDE_SOURCE;
				MTL_FAST_MATH = YES;
				ONLY_ACTIVE_ARCH = YES;
				SDKROOT = iphoneos;
				SWIFT_ACTIVE_COMPILATION_CONDITIONS = "DEBUG $(inherited)";
				SWIFT_OPTIMIZATION_LEVEL = "-Onone";
			};
			name = Debug;
		};
		2F187C7E2B3A52390043656F /* Release */ = {
			isa = XCBuildConfiguration;
			buildSettings = {
				ALWAYS_SEARCH_USER_PATHS = NO;
				ASSETCATALOG_COMPILER_GENERATE_SWIFT_ASSET_SYMBOL_EXTENSIONS = YES;
				CLANG_ANALYZER_NONNULL = YES;
				CLANG_ANALYZER_NUMBER_OBJECT_CONVERSION = YES_AGGRESSIVE;
				CLANG_CXX_LANGUAGE_STANDARD = "gnu++20";
				CLANG_ENABLE_MODULES = YES;
				CLANG_ENABLE_OBJC_ARC = YES;
				CLANG_ENABLE_OBJC_WEAK = YES;
				CLANG_WARN_BLOCK_CAPTURE_AUTORELEASING = YES;
				CLANG_WARN_BOOL_CONVERSION = YES;
				CLANG_WARN_COMMA = YES;
				CLANG_WARN_CONSTANT_CONVERSION = YES;
				CLANG_WARN_DEPRECATED_OBJC_IMPLEMENTATIONS = YES;
				CLANG_WARN_DIRECT_OBJC_ISA_USAGE = YES_ERROR;
				CLANG_WARN_DOCUMENTATION_COMMENTS = YES;
				CLANG_WARN_EMPTY_BODY = YES;
				CLANG_WARN_ENUM_CONVERSION = YES;
				CLANG_WARN_INFINITE_RECURSION = YES;
				CLANG_WARN_INT_CONVERSION = YES;
				CLANG_WARN_NON_LITERAL_NULL_CONVERSION = YES;
				CLANG_WARN_OBJC_IMPLICIT_RETAIN_SELF = YES;
				CLANG_WARN_OBJC_LITERAL_CONVERSION = YES;
				CLANG_WARN_OBJC_ROOT_CLASS = YES_ERROR;
				CLANG_WARN_QUOTED_INCLUDE_IN_FRAMEWORK_HEADER = YES;
				CLANG_WARN_RANGE_LOOP_ANALYSIS = YES;
				CLANG_WARN_STRICT_PROTOTYPES = YES;
				CLANG_WARN_SUSPICIOUS_MOVE = YES;
				CLANG_WARN_UNGUARDED_AVAILABILITY = YES_AGGRESSIVE;
				CLANG_WARN_UNREACHABLE_CODE = YES;
				CLANG_WARN__DUPLICATE_METHOD_MATCH = YES;
				COPY_PHASE_STRIP = NO;
				DEBUG_INFORMATION_FORMAT = "dwarf-with-dsym";
				ENABLE_NS_ASSERTIONS = NO;
				ENABLE_STRICT_OBJC_MSGSEND = YES;
				ENABLE_USER_SCRIPT_SANDBOXING = YES;
				GCC_C_LANGUAGE_STANDARD = gnu17;
				GCC_NO_COMMON_BLOCKS = YES;
				GCC_WARN_64_TO_32_BIT_CONVERSION = YES;
				GCC_WARN_ABOUT_RETURN_TYPE = YES_ERROR;
				GCC_WARN_UNDECLARED_SELECTOR = YES;
				GCC_WARN_UNINITIALIZED_AUTOS = YES_AGGRESSIVE;
				GCC_WARN_UNUSED_FUNCTION = YES;
				GCC_WARN_UNUSED_VARIABLE = YES;
				IPHONEOS_DEPLOYMENT_TARGET = 17.2;
				LOCALIZATION_PREFERS_STRING_CATALOGS = YES;
				MTL_ENABLE_DEBUG_INFO = NO;
				MTL_FAST_MATH = YES;
				SDKROOT = iphoneos;
				SWIFT_COMPILATION_MODE = wholemodule;
				VALIDATE_PRODUCT = YES;
			};
			name = Release;
		};
		2F187C802B3A52390043656F /* Debug */ = {
			isa = XCBuildConfiguration;
			buildSettings = {
				ASSETCATALOG_COMPILER_APPICON_NAME = AppIcon;
				ASSETCATALOG_COMPILER_GLOBAL_ACCENT_COLOR_NAME = AccentColor;
				CODE_SIGN_STYLE = Automatic;
				CURRENT_PROJECT_VERSION = 1;
				DEVELOPMENT_ASSET_PATHS = "\"Blog/Preview Content\"";
				DEVELOPMENT_TEAM = 764Y5F8PLG;
				ENABLE_PREVIEWS = YES;
				GENERATE_INFOPLIST_FILE = YES;
				INFOPLIST_KEY_UIApplicationSceneManifest_Generation = YES;
				INFOPLIST_KEY_UIApplicationSupportsIndirectInputEvents = YES;
				INFOPLIST_KEY_UILaunchScreen_Generation = YES;
				INFOPLIST_KEY_UISupportedInterfaceOrientations_iPad = "UIInterfaceOrientationPortrait UIInterfaceOrientationPortraitUpsideDown UIInterfaceOrientationLandscapeLeft UIInterfaceOrientationLandscapeRight";
				INFOPLIST_KEY_UISupportedInterfaceOrientations_iPhone = "UIInterfaceOrientationPortrait UIInterfaceOrientationLandscapeLeft UIInterfaceOrientationLandscapeRight";
				LD_RUNPATH_SEARCH_PATHS = (
					"$(inherited)",
					"@executable_path/Frameworks",
				);
				MARKETING_VERSION = 1.0;
				PRODUCT_BUNDLE_IDENTIFIER = io.github.tsgrissom.Blog;
				PRODUCT_NAME = "$(TARGET_NAME)";
				SWIFT_EMIT_LOC_STRINGS = YES;
				SWIFT_VERSION = 5.0;
				TARGETED_DEVICE_FAMILY = "1,2";
			};
			name = Debug;
		};
		2F187C812B3A52390043656F /* Release */ = {
			isa = XCBuildConfiguration;
			buildSettings = {
				ASSETCATALOG_COMPILER_APPICON_NAME = AppIcon;
				ASSETCATALOG_COMPILER_GLOBAL_ACCENT_COLOR_NAME = AccentColor;
				CODE_SIGN_STYLE = Automatic;
				CURRENT_PROJECT_VERSION = 1;
				DEVELOPMENT_ASSET_PATHS = "\"Blog/Preview Content\"";
				DEVELOPMENT_TEAM = 764Y5F8PLG;
				ENABLE_PREVIEWS = YES;
				GENERATE_INFOPLIST_FILE = YES;
				INFOPLIST_KEY_UIApplicationSceneManifest_Generation = YES;
				INFOPLIST_KEY_UIApplicationSupportsIndirectInputEvents = YES;
				INFOPLIST_KEY_UILaunchScreen_Generation = YES;
				INFOPLIST_KEY_UISupportedInterfaceOrientations_iPad = "UIInterfaceOrientationPortrait UIInterfaceOrientationPortraitUpsideDown UIInterfaceOrientationLandscapeLeft UIInterfaceOrientationLandscapeRight";
				INFOPLIST_KEY_UISupportedInterfaceOrientations_iPhone = "UIInterfaceOrientationPortrait UIInterfaceOrientationLandscapeLeft UIInterfaceOrientationLandscapeRight";
				LD_RUNPATH_SEARCH_PATHS = (
					"$(inherited)",
					"@executable_path/Frameworks",
				);
				MARKETING_VERSION = 1.0;
				PRODUCT_BUNDLE_IDENTIFIER = io.github.tsgrissom.Blog;
				PRODUCT_NAME = "$(TARGET_NAME)";
				SWIFT_EMIT_LOC_STRINGS = YES;
				SWIFT_VERSION = 5.0;
				TARGETED_DEVICE_FAMILY = "1,2";
			};
			name = Release;
		};
/* End XCBuildConfiguration section */

/* Begin XCConfigurationList section */
		2F187C6A2B3A52360043656F /* Build configuration list for PBXProject "Blog" */ = {
			isa = XCConfigurationList;
			buildConfigurations = (
				2F187C7D2B3A52390043656F /* Debug */,
				2F187C7E2B3A52390043656F /* Release */,
			);
			defaultConfigurationIsVisible = 0;
			defaultConfigurationName = Release;
		};
		2F187C7F2B3A52390043656F /* Build configuration list for PBXNativeTarget "Blog" */ = {
			isa = XCConfigurationList;
			buildConfigurations = (
				2F187C802B3A52390043656F /* Debug */,
				2F187C812B3A52390043656F /* Release */,
			);
			defaultConfigurationIsVisible = 0;
			defaultConfigurationName = Release;
		};
/* End XCConfigurationList section */

/* Begin XCRemoteSwiftPackageReference section */
		2FE2E1852B4632CF00913A81 /* XCRemoteSwiftPackageReference "LoremSwiftum" */ = {
			isa = XCRemoteSwiftPackageReference;
			repositoryURL = "https://github.com/lukaskubanek/LoremSwiftum";
			requirement = {
				branch = master;
				kind = branch;
			};
		};
/* End XCRemoteSwiftPackageReference section */

/* Begin XCSwiftPackageProductDependency section */
		2FE2E1862B4632CF00913A81 /* LoremSwiftum */ = {
			isa = XCSwiftPackageProductDependency;
			package = 2FE2E1852B4632CF00913A81 /* XCRemoteSwiftPackageReference "LoremSwiftum" */;
			productName = LoremSwiftum;
		};
/* End XCSwiftPackageProductDependency section */
	};
	rootObject = 2F187C672B3A52360043656F /* Project object */;
}
